
Microsoft Visual Studio Solution File, Format Version 12.00
# Visual Studio Version 16
VisualStudioVersion = 16.0.30413.136
MinimumVisualStudioVersion = 10.0.40219.1
Project("{9A19103F-16F7-4668-BE54-9A1E7A4F7556}") = "Xml Signer", "Xml Signer.csproj", "{0FB6CD4D-7859-4078-820F-5707194D23C0}"
EndProject
Global
	GlobalSection(SolutionConfigurationPlatforms) = preSolution
		Debug|Any CPU = Debug|Any CPU
		Release|Any CPU = Release|Any CPU
	EndGlobalSection
	GlobalSection(ProjectConfigurationPlatforms) = postSolution
		{0FB6CD4D-7859-4078-820F-5707194D23C0}.Debug|Any CPU.ActiveCfg = Debug|Any CPU
		{0FB6CD4D-7859-4078-820F-5707194D23C0}.Debug|Any CPU.Build.0 = Debug|Any CPU
		{0FB6CD4D-7859-4078-820F-5707194D23C0}.Release|Any CPU.ActiveCfg = Release|Any CPU
		{0FB6CD4D-7859-4078-820F-5707194D23C0}.Release|Any CPU.Build.0 = Release|Any CPU
	EndGlobalSection
	GlobalSection(SolutionProperties) = preSolution
		HideSolutionNode = FALSE
	EndGlobalSection
	GlobalSection(ExtensibilityGlobals) = postSolution
		SolutionGuid = {E3CAC76D-5FB5-4BCB-A821-ED7D4681DC7D}
	EndGlobalSection
EndGlobal
